{
    "_meta": {
        "hash": {
            "sha256": "71da9fb4bc1488e9db155b9d58b9483e7b59767630c2d842e193cc77b006b178"
        },
        "pipfile-spec": 6,
        "requires": {
            "python_version": "3.8"
        },
        "sources": [
            {
                "name": "pypi",
                "url": "https://mirrors.aliyun.com/pypi/simple/",
                "verify_ssl": true
            }
        ]
    },
    "default": {},
    "develop": {}
}
